PODS:
  - Realm (3.17.3):
    - Realm/Headers (= 3.17.3)
  - Realm/Headers (3.17.3)
  - RealmSwift (3.17.3):
    - Realm (= 3.17.3)
  - SwiftLint (0.34.0)
  - TPPDF (1.5.4):
    - SwiftLint

DEPENDENCIES:
  - RealmSwift
  - TPPDF

SPEC REPOS:
  https://github.com/cocoapods/specs.git:
    - Realm
    - RealmSwift
    - SwiftLint
    - TPPDF

SPEC CHECKSUMS:
  Realm: 5a1d9d47bfc101dd597668b1a8af4288a2557f6d
  RealmSwift: b7fdc2d18616621c31df5c7a398a45a2163f8eb0
  SwiftLint: 79d48a17c6565dc286c37efb8322c7b450f95c67
  TPPDF: 775e9780261879da1af7c802f9e4bf7feb877677

PODFILE CHECKSUM: 3a244aac2373f5fe020c626b06b0873606cae4cd

COCOAPODS: 1.5.2
